
Microsoft Visual Studio Solution File, Format Version 12.00
Project("{2150E333-8FDC-42A3-9474-1A3956D46DE8}") = "Src", "Src", "{6249944C-2514-4687-859B-C9BBE85020ED}"
EndProject
Project("{2150E333-8FDC-42A3-9474-1A3956D46DE8}") = "Pokedex.Domain", "Pokedex.Domain", "{98725F71-D773-43A2-8825-A9BFD47ADC01}"
EndProject
Project("{2150E333-8FDC-42A3-9474-1A3956D46DE8}") = "Pokedex.Infra", "Pokedex.Infra", "{63E8BE4B-2317-4A3D-8B05-ADFABAB5C12F}"
EndProject
Project("{2150E333-8FDC-42A3-9474-1A3956D46DE8}") = "Pokedex.Application", "Pokedex.Application", "{BD8487BE-5982-47AC-B496-17A53D13F854}"
EndProject
Project("{2150E333-8FDC-42A3-9474-1A3956D46DE8}") = "Pokedex.Core", "Pokedex.Core", "{09CD758D-AE02-4017-B3CB-E35208149807}"
EndProject
Project("{FAE04EC0-301F-11D3-BF4B-00C04F79EFBC}") = "Pokedex.Application", "Pokedex.Application\Pokedex.Application.csproj", "{DF509403-7E39-4E42-9699-9874E6283F92}"
EndProject
Project("{FAE04EC0-301F-11D3-BF4B-00C04F79EFBC}") = "Pokedex.Core", "Pokedex.Core\Pokedex.Core.csproj", "{0F7A871B-F5C6-4F61-B19F-9650C6736ADD}"
EndProject
Project("{FAE04EC0-301F-11D3-BF4B-00C04F79EFBC}") = "Pokedex.Domain", "Pokedex.Domain\Pokedex.Domain.csproj", "{9D1A43AE-E931-4204-B0B9-8561EA7F83AD}"
EndProject
Project("{FAE04EC0-301F-11D3-BF4B-00C04F79EFBC}") = "Pokedex.Infra", "Pokedex.Infra\Pokedex.Infra.csproj", "{1ABA3601-1579-498F-AE9A-4BABC9A1B4A5}"
EndProject
Project("{2150E333-8FDC-42A3-9474-1A3956D46DE8}") = "Pokedex.Api", "Pokedex.Api", "{531F21A3-FD64-45B9-968D-D02849B1A5E3}"
EndProject
Project("{FAE04EC0-301F-11D3-BF4B-00C04F79EFBC}") = "Pokedex.Api", "Pokedex.Api\Pokedex.Api.csproj", "{3962A05D-A479-4AE5-98B5-A410BBBA2671}"
EndProject
Global
	GlobalSection(SolutionConfigurationPlatforms) = preSolution
		Debug|Any CPU = Debug|Any CPU
		Release|Any CPU = Release|Any CPU
	EndGlobalSection
	GlobalSection(NestedProjects) = preSolution
		{98725F71-D773-43A2-8825-A9BFD47ADC01} = {6249944C-2514-4687-859B-C9BBE85020ED}
		{63E8BE4B-2317-4A3D-8B05-ADFABAB5C12F} = {6249944C-2514-4687-859B-C9BBE85020ED}
		{BD8487BE-5982-47AC-B496-17A53D13F854} = {6249944C-2514-4687-859B-C9BBE85020ED}
		{09CD758D-AE02-4017-B3CB-E35208149807} = {6249944C-2514-4687-859B-C9BBE85020ED}
		{DF509403-7E39-4E42-9699-9874E6283F92} = {BD8487BE-5982-47AC-B496-17A53D13F854}
		{0F7A871B-F5C6-4F61-B19F-9650C6736ADD} = {09CD758D-AE02-4017-B3CB-E35208149807}
		{9D1A43AE-E931-4204-B0B9-8561EA7F83AD} = {98725F71-D773-43A2-8825-A9BFD47ADC01}
		{1ABA3601-1579-498F-AE9A-4BABC9A1B4A5} = {63E8BE4B-2317-4A3D-8B05-ADFABAB5C12F}
		{531F21A3-FD64-45B9-968D-D02849B1A5E3} = {6249944C-2514-4687-859B-C9BBE85020ED}
		{3962A05D-A479-4AE5-98B5-A410BBBA2671} = {531F21A3-FD64-45B9-968D-D02849B1A5E3}
	EndGlobalSection
	GlobalSection(ProjectConfigurationPlatforms) = postSolution
		{DF509403-7E39-4E42-9699-9874E6283F92}.Debug|Any CPU.ActiveCfg = Debug|Any CPU
		{DF509403-7E39-4E42-9699-9874E6283F92}.Debug|Any CPU.Build.0 = Debug|Any CPU
		{DF509403-7E39-4E42-9699-9874E6283F92}.Release|Any CPU.ActiveCfg = Release|Any CPU
		{DF509403-7E39-4E42-9699-9874E6283F92}.Release|Any CPU.Build.0 = Release|Any CPU
		{0F7A871B-F5C6-4F61-B19F-9650C6736ADD}.Debug|Any CPU.ActiveCfg = Debug|Any CPU
		{0F7A871B-F5C6-4F61-B19F-9650C6736ADD}.Debug|Any CPU.Build.0 = Debug|Any CPU
		{0F7A871B-F5C6-4F61-B19F-9650C6736ADD}.Release|Any CPU.ActiveCfg = Release|Any CPU
		{0F7A871B-F5C6-4F61-B19F-9650C6736ADD}.Release|Any CPU.Build.0 = Release|Any CPU
		{9D1A43AE-E931-4204-B0B9-8561EA7F83AD}.Debug|Any CPU.ActiveCfg = Debug|Any CPU
		{9D1A43AE-E931-4204-B0B9-8561EA7F83AD}.Debug|Any CPU.Build.0 = Debug|Any CPU
		{9D1A43AE-E931-4204-B0B9-8561EA7F83AD}.Release|Any CPU.ActiveCfg = Release|Any CPU
		{9D1A43AE-E931-4204-B0B9-8561EA7F83AD}.Release|Any CPU.Build.0 = Release|Any CPU
		{1ABA3601-1579-498F-AE9A-4BABC9A1B4A5}.Debug|Any CPU.ActiveCfg = Debug|Any CPU
		{1ABA3601-1579-498F-AE9A-4BABC9A1B4A5}.Debug|Any CPU.Build.0 = Debug|Any CPU
		{1ABA3601-1579-498F-AE9A-4BABC9A1B4A5}.Release|Any CPU.ActiveCfg = Release|Any CPU
		{1ABA3601-1579-498F-AE9A-4BABC9A1B4A5}.Release|Any CPU.Build.0 = Release|Any CPU
		{3962A05D-A479-4AE5-98B5-A410BBBA2671}.Debug|Any CPU.ActiveCfg = Debug|Any CPU
		{3962A05D-A479-4AE5-98B5-A410BBBA2671}.Debug|Any CPU.Build.0 = Debug|Any CPU
		{3962A05D-A479-4AE5-98B5-A410BBBA2671}.Release|Any CPU.ActiveCfg = Release|Any CPU
		{3962A05D-A479-4AE5-98B5-A410BBBA2671}.Release|Any CPU.Build.0 = Release|Any CPU
	EndGlobalSection
EndGlobal
